
Microsoft Visual Studio Solution File, Format Version 12.00
# Visual Studio Version 16
VisualStudioVersion = 16.0.31229.75
MinimumVisualStudioVersion = 10.0.40219.1
Project("{FAE04EC0-301F-11D3-BF4B-00C04F79EFBC}") = "ParserTest", "src\ParserTest\ParserTest.csproj", "{FD45CA31-05BE-4517-86DB-985D6CDC4563}"
EndProject
Global
	GlobalSection(SolutionConfigurationPlatforms) = preSolution
		Debug|Any CPU = Debug|Any CPU
		Release|Any CPU = Release|Any CPU
	EndGlobalSection
	GlobalSection(ProjectConfigurationPlatforms) = postSolution
		{FD45CA31-05BE-4517-86DB-985D6CDC4563}.Debug|Any CPU.ActiveCfg = Debug|Any CPU
		{FD45CA31-05BE-4517-86DB-985D6CDC4563}.Debug|Any CPU.Build.0 = Debug|Any CPU
		{FD45CA31-05BE-4517-86DB-985D6CDC4563}.Release|Any CPU.ActiveCfg = Release|Any CPU
		{FD45CA31-05BE-4517-86DB-985D6CDC4563}.Release|Any CPU.Build.0 = Release|Any CPU
	EndGlobalSection
	GlobalSection(SolutionProperties) = preSolution
		HideSolutionNode = FALSE
	EndGlobalSection
	GlobalSection(ExtensibilityGlobals) = postSolution
		SolutionGuid = {45CD1D60-5C4C-4399-AA2F-8EEC0AB67EEC}
	EndGlobalSection
EndGlobal
